
Microsoft Visual Studio Solution File, Format Version 12.00
# Visual Studio 15
VisualStudioVersion = 15.0.26430.6
MinimumVisualStudioVersion = 10.0.40219.1
Project("{FAE04EC0-301F-11D3-BF4B-00C04F79EFBC}") = "Space-Invaders", "Space-Invaders\Space-Invaders.csproj", "{8EE6DB9C-6E21-4CA4-9148-F63F24349E8F}"
EndProject
Global
	GlobalSection(SolutionConfigurationPlatforms) = preSolution
		Debug|x86 = Debug|x86
		Release|x86 = Release|x86
	EndGlobalSection
	GlobalSection(ProjectConfigurationPlatforms) = postSolution
		{8EE6DB9C-6E21-4CA4-9148-F63F24349E8F}.Debug|x86.ActiveCfg = Debug|x86
		{8EE6DB9C-6E21-4CA4-9148-F63F24349E8F}.Debug|x86.Build.0 = Debug|x86
		{8EE6DB9C-6E21-4CA4-9148-F63F24349E8F}.Release|x86.ActiveCfg = Release|x86
		{8EE6DB9C-6E21-4CA4-9148-F63F24349E8F}.Release|x86.Build.0 = Release|x86
	EndGlobalSection
	GlobalSection(SolutionProperties) = preSolution
		HideSolutionNode = FALSE
	EndGlobalSection
EndGlobal
